
Microsoft Visual Studio Solution File, Format Version 12.00
# Visual Studio Version 16
VisualStudioVersion = 16.0.31205.134
MinimumVisualStudioVersion = 10.0.40219.1
Project("{FAE04EC0-301F-11D3-BF4B-00C04F79EFBC}") = "01_KomodoCafeChallengeRepo", "01_KomodoCafeChallengeRepo\01_KomodoCafeChallengeRepo.csproj", "{C8827B27-C745-4F44-8D86-A39D5A668A97}"
EndProject
Project("{FAE04EC0-301F-11D3-BF4B-00C04F79EFBC}") = "02_KomodoClaimsConsole", "02_KomodoClaimsConsole\02_KomodoClaimsConsole.csproj", "{5AF25075-364D-48C3-9D5F-DEA9BCA83960}"
EndProject
Project("{FAE04EC0-301F-11D3-BF4B-00C04F79EFBC}") = "02_KomodoClaimsRepo", "02_KomodoClaimsRepo\02_KomodoClaimsRepo.csproj", "{95DAC2A8-FEF9-4759-93A3-3E4C9226EC9B}"
EndProject
Project("{FAE04EC0-301F-11D3-BF4B-00C04F79EFBC}") = "02_KomodoClaimsRepoTests", "02_KomodoClaimsRepoTests\02_KomodoClaimsRepoTests.csproj", "{837E21C0-EE4D-4F06-B293-68BD5EE8322F}"
EndProject
Project("{FAE04EC0-301F-11D3-BF4B-00C04F79EFBC}") = "03_KomodoBadgeConsole", "03_KomodoBadgeConsole\03_KomodoBadgeConsole.csproj", "{8149EFF1-15DA-4E40-8749-9B3569F27E95}"
EndProject
Project("{FAE04EC0-301F-11D3-BF4B-00C04F79EFBC}") = "03_KomodoBadgeRepo", "03_KomodoBadgeRepo\03_KomodoBadgeRepo.csproj", "{B4EE1D92-9BB0-4367-8FC7-DFBF2DA74072}"
EndProject
Project("{FAE04EC0-301F-11D3-BF4B-00C04F79EFBC}") = "03_KomodoBadgeRepoTests", "03_KomodoBadgeRepoTests\03_KomodoBadgeRepoTests.csproj", "{31E16AF8-DB7F-4363-95CC-2105FEE99DFE}"
EndProject
Project("{FAE04EC0-301F-11D3-BF4B-00C04F79EFBC}") = "01_KomodoCafeChallengeConsole", "01_KomodoCafeConsole\01_KomodoCafeChallengeConsole.csproj", "{278AF787-DCFA-4A1A-B8A2-3C451B8C48AC}"
EndProject
Project("{FAE04EC0-301F-11D3-BF4B-00C04F79EFBC}") = "01_KomodoCafeChallengesTests", "01_KomodoCafeChallengesTests\01_KomodoCafeChallengesTests.csproj", "{DA1BFCCE-5AF3-45CA-A590-7B3613C7729B}"
EndProject
Global
	GlobalSection(SolutionConfigurationPlatforms) = preSolution
		Debug|Any CPU = Debug|Any CPU
		Release|Any CPU = Release|Any CPU
	EndGlobalSection
	GlobalSection(ProjectConfigurationPlatforms) = postSolution
		{C8827B27-C745-4F44-8D86-A39D5A668A97}.Debug|Any CPU.ActiveCfg = Debug|Any CPU
		{C8827B27-C745-4F44-8D86-A39D5A668A97}.Debug|Any CPU.Build.0 = Debug|Any CPU
		{C8827B27-C745-4F44-8D86-A39D5A668A97}.Release|Any CPU.ActiveCfg = Release|Any CPU
		{C8827B27-C745-4F44-8D86-A39D5A668A97}.Release|Any CPU.Build.0 = Release|Any CPU
		{5AF25075-364D-48C3-9D5F-DEA9BCA83960}.Debug|Any CPU.ActiveCfg = Debug|Any CPU
		{5AF25075-364D-48C3-9D5F-DEA9BCA83960}.Debug|Any CPU.Build.0 = Debug|Any CPU
		{5AF25075-364D-48C3-9D5F-DEA9BCA83960}.Release|Any CPU.ActiveCfg = Release|Any CPU
		{5AF25075-364D-48C3-9D5F-DEA9BCA83960}.Release|Any CPU.Build.0 = Release|Any CPU
		{95DAC2A8-FEF9-4759-93A3-3E4C9226EC9B}.Debug|Any CPU.ActiveCfg = Debug|Any CPU
		{95DAC2A8-FEF9-4759-93A3-3E4C9226EC9B}.Debug|Any CPU.Build.0 = Debug|Any CPU
		{95DAC2A8-FEF9-4759-93A3-3E4C9226EC9B}.Release|Any CPU.ActiveCfg = Release|Any CPU
		{95DAC2A8-FEF9-4759-93A3-3E4C9226EC9B}.Release|Any CPU.Build.0 = Release|Any CPU
		{837E21C0-EE4D-4F06-B293-68BD5EE8322F}.Debug|Any CPU.ActiveCfg = Debug|Any CPU
		{837E21C0-EE4D-4F06-B293-68BD5EE8322F}.Debug|Any CPU.Build.0 = Debug|Any CPU
		{837E21C0-EE4D-4F06-B293-68BD5EE8322F}.Release|Any CPU.ActiveCfg = Release|Any CPU
		{837E21C0-EE4D-4F06-B293-68BD5EE8322F}.Release|Any CPU.Build.0 = Release|Any CPU
		{8149EFF1-15DA-4E40-8749-9B3569F27E95}.Debug|Any CPU.ActiveCfg = Debug|Any CPU
		{8149EFF1-15DA-4E40-8749-9B3569F27E95}.Debug|Any CPU.Build.0 = Debug|Any CPU
		{8149EFF1-15DA-4E40-8749-9B3569F27E95}.Release|Any CPU.ActiveCfg = Release|Any CPU
		{8149EFF1-15DA-4E40-8749-9B3569F27E95}.Release|Any CPU.Build.0 = Release|Any CPU
		{B4EE1D92-9BB0-4367-8FC7-DFBF2DA74072}.Debug|Any CPU.ActiveCfg = Debug|Any CPU
		{B4EE1D92-9BB0-4367-8FC7-DFBF2DA74072}.Debug|Any CPU.Build.0 = Debug|Any CPU
		{B4EE1D92-9BB0-4367-8FC7-DFBF2DA74072}.Release|Any CPU.ActiveCfg = Release|Any CPU
		{B4EE1D92-9BB0-4367-8FC7-DFBF2DA74072}.Release|Any CPU.Build.0 = Release|Any CPU
		{31E16AF8-DB7F-4363-95CC-2105FEE99DFE}.Debug|Any CPU.ActiveCfg = Debug|Any CPU
		{31E16AF8-DB7F-4363-95CC-2105FEE99DFE}.Debug|Any CPU.Build.0 = Debug|Any CPU
		{31E16AF8-DB7F-4363-95CC-2105FEE99DFE}.Release|Any CPU.ActiveCfg = Release|Any CPU
		{31E16AF8-DB7F-4363-95CC-2105FEE99DFE}.Release|Any CPU.Build.0 = Release|Any CPU
		{278AF787-DCFA-4A1A-B8A2-3C451B8C48AC}.Debug|Any CPU.ActiveCfg = Debug|Any CPU
		{278AF787-DCFA-4A1A-B8A2-3C451B8C48AC}.Debug|Any CPU.Build.0 = Debug|Any CPU
		{278AF787-DCFA-4A1A-B8A2-3C451B8C48AC}.Release|Any CPU.ActiveCfg = Release|Any CPU
		{278AF787-DCFA-4A1A-B8A2-3C451B8C48AC}.Release|Any CPU.Build.0 = Release|Any CPU
		{DA1BFCCE-5AF3-45CA-A590-7B3613C7729B}.Debug|Any CPU.ActiveCfg = Debug|Any CPU
		{DA1BFCCE-5AF3-45CA-A590-7B3613C7729B}.Debug|Any CPU.Build.0 = Debug|Any CPU
		{DA1BFCCE-5AF3-45CA-A590-7B3613C7729B}.Release|Any CPU.ActiveCfg = Release|Any CPU
		{DA1BFCCE-5AF3-45CA-A590-7B3613C7729B}.Release|Any CPU.Build.0 = Release|Any CPU
	EndGlobalSection
	GlobalSection(SolutionProperties) = preSolution
		HideSolutionNode = FALSE
	EndGlobalSection
	GlobalSection(ExtensibilityGlobals) = postSolution
		SolutionGuid = {66A3C20D-B398-481A-8891-2A74AAC9554D}
	EndGlobalSection
EndGlobal
